
Microsoft Visual Studio Solution File, Format Version 12.00
# Visual Studio Version 17
VisualStudioVersion = 17.2.32602.215
MinimumVisualStudioVersion = 10.0.40219.1
Project("{FAE04EC0-301F-11D3-BF4B-00C04F79EFBC}") = "dmorse", "dmorse\dmorse.csproj", "{6685A958-FB04-4523-89E3-2402498EFEFF}"
EndProject
Global
	GlobalSection(SolutionConfigurationPlatforms) = preSolution
		Debug|Any CPU = Debug|Any CPU
		Release|Any CPU = Release|Any CPU
	EndGlobalSection
	GlobalSection(ProjectConfigurationPlatforms) = postSolution
		{6685A958-FB04-4523-89E3-2402498EFEFF}.Debug|Any CPU.ActiveCfg = Debug|Any CPU
		{6685A958-FB04-4523-89E3-2402498EFEFF}.Debug|Any CPU.Build.0 = Debug|Any CPU
		{6685A958-FB04-4523-89E3-2402498EFEFF}.Release|Any CPU.ActiveCfg = Release|Any CPU
		{6685A958-FB04-4523-89E3-2402498EFEFF}.Release|Any CPU.Build.0 = Release|Any CPU
	EndGlobalSection
	GlobalSection(SolutionProperties) = preSolution
		HideSolutionNode = FALSE
	EndGlobalSection
	GlobalSection(ExtensibilityGlobals) = postSolution
		SolutionGuid = {C635648C-ECC8-41C3-81B0-72E6FB02A27F}
	EndGlobalSection
EndGlobal
